entries:
  - digest: "sha256:de8899d6a813ffb41b1e81a1929cd791d5a676f8e826aa38cd67dd38e86d1a74"
    id: "release-readiness"
    kind: "scaffold"
    namespace: "platform"
    source: "scaffolds/release-readiness.yaml"
    version: "1.0.0"
  - digest: "sha256:5ec11a045366a3faebfea618a1a978a24a9f129ee3a827cced8518443675d93f"
    id: "review.summary"
    kind: "shot_template"
    namespace: "platform"
    source: "shots/review.summary.yaml"
    version: "1.0.0"
  - digest: "sha256:a7af3bc70d974530d556db13b2819b42525e028885f701593bd1158e6dd52b8d"
    id: "safety.approval"
    kind: "shot_template"
    namespace: "platform"
    source: "shots/safety.approval.yaml"
    version: "1.0.0"
kind: "library_lock"
version: 1
