entries:
  - digest: "sha256:ce5489153985e6d7ab17047e304c5f71c77e02ce65c0af28b5976c71efd3a6fb"
    id: "release-readiness"
    kind: "scaffold"
    namespace: "platform"
    source: "scaffolds/release-readiness.yaml"
    version: "1.0.0"
  - digest: "sha256:67f8ba0683e243a74c53c718d1c5f10df7cfdd451eff7cc6e042fcae91b2c414"
    id: "review.summary"
    kind: "shot_template"
    namespace: "platform"
    source: "shots/review.summary.yaml"
    version: "1.0.0"
  - digest: "sha256:a7af3bc70d974530d556db13b2819b42525e028885f701593bd1158e6dd52b8d"
    id: "safety.approval"
    kind: "shot_template"
    namespace: "platform"
    source: "shots/safety.approval.yaml"
    version: "1.0.0"
kind: "library_lock"
version: 1
